
Microsoft Visual Studio Solution File, Format Version 12.00
# Visual Studio Version 17
VisualStudioVersion = 17.11.35327.3
MinimumVisualStudioVersion = 10.0.40219.1
Project("{FAE04EC0-301F-11D3-BF4B-00C04F79EFBC}") = "csharp-basic-generic", "csharp-basic-generic.csproj", "{A73482C8-8505-40E3-BCFB-77EDF4206AFF}"
EndProject
Project("{FAE04EC0-301F-11D3-BF4B-00C04F79EFBC}") = "csharpbasic-generic-type-restrict", "..\csharpbasic-generic-type-restrict\csharpbasic-generic-type-restrict.csproj", "{CE2C8E57-843D-4C17-A42A-C1131945884D}"
EndProject
Project("{FAE04EC0-301F-11D3-BF4B-00C04F79EFBC}") = "csharp-basic-generic-class", "..\csharp-basic-generic-class\csharp-basic-generic-class.csproj", "{EF8E1E52-0EDE-4FDB-9A48-2E979A9A1511}"
EndProject
Project("{FAE04EC0-301F-11D3-BF4B-00C04F79EFBC}") = "csharp-basic-generic-interface", "..\csharp-basic-generic-interface\csharp-basic-generic-interface.csproj", "{30CDD36C-D5A2-4DAF-8EA9-44F32425C95D}"
EndProject
Project("{FAE04EC0-301F-11D3-BF4B-00C04F79EFBC}") = "csharpbasic-generic-method", "..\csharpbasic-generic-method\csharpbasic-generic-method.csproj", "{82D0C3FC-DE4D-4173-820A-AB39C8C09229}"
EndProject
Global
	GlobalSection(SolutionConfigurationPlatforms) = preSolution
		Debug|Any CPU = Debug|Any CPU
		Release|Any CPU = Release|Any CPU
	EndGlobalSection
	GlobalSection(ProjectConfigurationPlatforms) = postSolution
		{A73482C8-8505-40E3-BCFB-77EDF4206AFF}.Debug|Any CPU.ActiveCfg = Debug|Any CPU
		{A73482C8-8505-40E3-BCFB-77EDF4206AFF}.Debug|Any CPU.Build.0 = Debug|Any CPU
		{A73482C8-8505-40E3-BCFB-77EDF4206AFF}.Release|Any CPU.ActiveCfg = Release|Any CPU
		{A73482C8-8505-40E3-BCFB-77EDF4206AFF}.Release|Any CPU.Build.0 = Release|Any CPU
		{CE2C8E57-843D-4C17-A42A-C1131945884D}.Debug|Any CPU.ActiveCfg = Debug|Any CPU
		{CE2C8E57-843D-4C17-A42A-C1131945884D}.Debug|Any CPU.Build.0 = Debug|Any CPU
		{CE2C8E57-843D-4C17-A42A-C1131945884D}.Release|Any CPU.ActiveCfg = Release|Any CPU
		{CE2C8E57-843D-4C17-A42A-C1131945884D}.Release|Any CPU.Build.0 = Release|Any CPU
		{EF8E1E52-0EDE-4FDB-9A48-2E979A9A1511}.Debug|Any CPU.ActiveCfg = Debug|Any CPU
		{EF8E1E52-0EDE-4FDB-9A48-2E979A9A1511}.Debug|Any CPU.Build.0 = Debug|Any CPU
		{EF8E1E52-0EDE-4FDB-9A48-2E979A9A1511}.Release|Any CPU.ActiveCfg = Release|Any CPU
		{EF8E1E52-0EDE-4FDB-9A48-2E979A9A1511}.Release|Any CPU.Build.0 = Release|Any CPU
		{30CDD36C-D5A2-4DAF-8EA9-44F32425C95D}.Debug|Any CPU.ActiveCfg = Debug|Any CPU
		{30CDD36C-D5A2-4DAF-8EA9-44F32425C95D}.Debug|Any CPU.Build.0 = Debug|Any CPU
		{30CDD36C-D5A2-4DAF-8EA9-44F32425C95D}.Release|Any CPU.ActiveCfg = Release|Any CPU
		{30CDD36C-D5A2-4DAF-8EA9-44F32425C95D}.Release|Any CPU.Build.0 = Release|Any CPU
		{82D0C3FC-DE4D-4173-820A-AB39C8C09229}.Debug|Any CPU.ActiveCfg = Debug|Any CPU
		{82D0C3FC-DE4D-4173-820A-AB39C8C09229}.Debug|Any CPU.Build.0 = Debug|Any CPU
		{82D0C3FC-DE4D-4173-820A-AB39C8C09229}.Release|Any CPU.ActiveCfg = Release|Any CPU
		{82D0C3FC-DE4D-4173-820A-AB39C8C09229}.Release|Any CPU.Build.0 = Release|Any CPU
	EndGlobalSection
	GlobalSection(SolutionProperties) = preSolution
		HideSolutionNode = FALSE
	EndGlobalSection
	GlobalSection(ExtensibilityGlobals) = postSolution
		SolutionGuid = {6A41DC62-8056-4AC4-AC8D-EA9582D6268A}
	EndGlobalSection
EndGlobal
