
Microsoft Visual Studio Solution File, Format Version 12.00
# Visual Studio Version 17
VisualStudioVersion = 17.11.35327.3
MinimumVisualStudioVersion = 10.0.40219.1
Project("{FAE04EC0-301F-11D3-BF4B-00C04F79EFBC}") = "csharp-basic-event-demo", "csharp-basic-event-demo.csproj", "{AFEA5F35-4316-4AFF-AFB5-04ED3FDB3C2A}"
EndProject
Project("{FAE04EC0-301F-11D3-BF4B-00C04F79EFBC}") = "custom-event-demo", "..\custom-event-demo\custom-event-demo.csproj", "{234A430D-F13E-4EB5-BEA5-BBDAA55039C3}"
EndProject
Project("{FAE04EC0-301F-11D3-BF4B-00C04F79EFBC}") = "call-base-class-event", "..\call-base-class-event\call-base-class-event.csproj", "{CE5FC34B-4D44-4EFF-96FB-1BB0BD28E5C5}"
EndProject
Global
	GlobalSection(SolutionConfigurationPlatforms) = preSolution
		Debug|Any CPU = Debug|Any CPU
		Release|Any CPU = Release|Any CPU
	EndGlobalSection
	GlobalSection(ProjectConfigurationPlatforms) = postSolution
		{AFEA5F35-4316-4AFF-AFB5-04ED3FDB3C2A}.Debug|Any CPU.ActiveCfg = Debug|Any CPU
		{AFEA5F35-4316-4AFF-AFB5-04ED3FDB3C2A}.Debug|Any CPU.Build.0 = Debug|Any CPU
		{AFEA5F35-4316-4AFF-AFB5-04ED3FDB3C2A}.Release|Any CPU.ActiveCfg = Release|Any CPU
		{AFEA5F35-4316-4AFF-AFB5-04ED3FDB3C2A}.Release|Any CPU.Build.0 = Release|Any CPU
		{234A430D-F13E-4EB5-BEA5-BBDAA55039C3}.Debug|Any CPU.ActiveCfg = Debug|Any CPU
		{234A430D-F13E-4EB5-BEA5-BBDAA55039C3}.Debug|Any CPU.Build.0 = Debug|Any CPU
		{234A430D-F13E-4EB5-BEA5-BBDAA55039C3}.Release|Any CPU.ActiveCfg = Release|Any CPU
		{234A430D-F13E-4EB5-BEA5-BBDAA55039C3}.Release|Any CPU.Build.0 = Release|Any CPU
		{CE5FC34B-4D44-4EFF-96FB-1BB0BD28E5C5}.Debug|Any CPU.ActiveCfg = Debug|Any CPU
		{CE5FC34B-4D44-4EFF-96FB-1BB0BD28E5C5}.Debug|Any CPU.Build.0 = Debug|Any CPU
		{CE5FC34B-4D44-4EFF-96FB-1BB0BD28E5C5}.Release|Any CPU.ActiveCfg = Release|Any CPU
		{CE5FC34B-4D44-4EFF-96FB-1BB0BD28E5C5}.Release|Any CPU.Build.0 = Release|Any CPU
	EndGlobalSection
	GlobalSection(SolutionProperties) = preSolution
		HideSolutionNode = FALSE
	EndGlobalSection
	GlobalSection(ExtensibilityGlobals) = postSolution
		SolutionGuid = {2FABE3F9-CB8A-4B8A-8FCC-304E3D7BD484}
	EndGlobalSection
EndGlobal
